
Microsoft Visual Studio Solution File, Format Version 12.00
# Visual Studio Version 17
VisualStudioVersion = 17.10.34804.81
MinimumVisualStudioVersion = 10.0.40219.1
Project("{FAE04EC0-301F-11D3-BF4B-00C04F79EFBC}") = "FindAndCheck", "FindAndCheck.csproj", "{13F737FE-A948-49BD-867C-D70833F973FC}"
EndProject
Global
	GlobalSection(SolutionConfigurationPlatforms) = preSolution
		Debug|Any CPU = Debug|Any CPU
		Release|Any CPU = Release|Any CPU
	EndGlobalSection
	GlobalSection(ProjectConfigurationPlatforms) = postSolution
		{13F737FE-A948-49BD-867C-D70833F973FC}.Debug|Any CPU.ActiveCfg = Debug|Any CPU
		{13F737FE-A948-49BD-867C-D70833F973FC}.Debug|Any CPU.Build.0 = Debug|Any CPU
		{13F737FE-A948-49BD-867C-D70833F973FC}.Release|Any CPU.ActiveCfg = Release|Any CPU
		{13F737FE-A948-49BD-867C-D70833F973FC}.Release|Any CPU.Build.0 = Release|Any CPU
	EndGlobalSection
	GlobalSection(SolutionProperties) = preSolution
		HideSolutionNode = FALSE
	EndGlobalSection
	GlobalSection(ExtensibilityGlobals) = postSolution
		SolutionGuid = {405F0CA5-CC7F-4717-B3A6-95CA0F68D691}
	EndGlobalSection
EndGlobal
